
Microsoft Visual Studio Solution File, Format Version 12.00
# Visual Studio Version 17
VisualStudioVersion = 17.11.35327.3
MinimumVisualStudioVersion = 10.0.40219.1
Project("{9A19103F-16F7-4668-BE54-9A1E7A4F7556}") = "Gestao_Micro_Empresa", "Gestao_Micro_Empresa\Gestao_Micro_Empresa.csproj", "{E385E5B7-CEED-4758-8ED8-D777D341ADC3}"
EndProject
Global
	GlobalSection(SolutionConfigurationPlatforms) = preSolution
		Debug|Any CPU = Debug|Any CPU
		Release|Any CPU = Release|Any CPU
	EndGlobalSection
	GlobalSection(ProjectConfigurationPlatforms) = postSolution
		{E385E5B7-CEED-4758-8ED8-D777D341ADC3}.Debug|Any CPU.ActiveCfg = Release|Any CPU
		{E385E5B7-CEED-4758-8ED8-D777D341ADC3}.Debug|Any CPU.Build.0 = Release|Any CPU
		{E385E5B7-CEED-4758-8ED8-D777D341ADC3}.Release|Any CPU.ActiveCfg = Release|Any CPU
		{E385E5B7-CEED-4758-8ED8-D777D341ADC3}.Release|Any CPU.Build.0 = Release|Any CPU
	EndGlobalSection
	GlobalSection(SolutionProperties) = preSolution
		HideSolutionNode = FALSE
	EndGlobalSection
	GlobalSection(ExtensibilityGlobals) = postSolution
		SolutionGuid = {BC2EFA7F-90DA-4C7F-8396-B080D9181902}
	EndGlobalSection
EndGlobal
